// !$*UTF8*$!
{
	archiveVersion = 1;
	classes = {
	};
	objectVersion = 46;
	objects = {

/* Begin PBXBuildFile section */
		00E356F31AD99517003FC87E /* CerasusTemporTests.m in Sources */ = {isa = PBXBuildFile; fileRef = 00E356F21AD99517003FC87E /* CerasusTemporTests.m */; };
		13B07FBC1A68108700A75B9A /* AppDelegate.m in Sources */ = {isa = PBXBuildFile; fileRef = 13B07FB01A68108700A75B9A /* AppDelegate.m */; };
		13B07FBD1A68108700A75B9A /* LaunchScreen.xib in Resources */ = {isa = PBXBuildFile; fileRef = 13B07FB11A68108700A75B9A /* LaunchScreen.xib */; };
		13B07FBF1A68108700A75B9A /* Images.xcassets in Resources */ = {isa = PBXBuildFile; fileRef = 13B07FB51A68108700A75B9A /* Images.xcassets */; };
		13B07FC11A68108700A75B9A /* main.m in Sources */ = {isa = PBXBuildFile; fileRef = 13B07FB71A68108700A75B9A /* main.m */; };
		1A0E4F1CC90D91C9FD46B0C3 /* libPods-CerasusTempor.a in Frameworks */ = {isa = PBXBuildFile; fileRef = C18566F9AE951F0525A6AAE6 /* libPods-CerasusTempor.a */; };
		2AF20CAC9BD5E015CBAD317F /* libPods-CerasusTempor-tvOSTests.a in Frameworks */ = {isa = PBXBuildFile; fileRef = 0F557962FE31969AD9BA6EE4 /* libPods-CerasusTempor-tvOSTests.a */; };
		2D02E4BC1E0B4A80006451C7 /* AppDelegate.m in Sources */ = {isa = PBXBuildFile; fileRef = 13B07FB01A68108700A75B9A /* AppDelegate.m */; };
		2D02E4BD1E0B4A84006451C7 /* Images.xcassets in Resources */ = {isa = PBXBuildFile; fileRef = 13B07FB51A68108700A75B9A /* Images.xcassets */; };
		2D02E4BF1E0B4AB3006451C7 /* main.m in Sources */ = {isa = PBXBuildFile; fileRef = 13B07FB71A68108700A75B9A /* main.m */; };
		2DCD954D1E0B4F2C00145EB5 /* CerasusTemporTests.m in Sources */ = {isa = PBXBuildFile; fileRef = 00E356F21AD99517003FC87E /* CerasusTemporTests.m */; };
		7C83A0391CD3E6240A95D0A6 /* libPods-CerasusTempor-tvOS.a in Frameworks */ = {isa = PBXBuildFile; fileRef = 99CA062E12D1F75C1B9D7086 /* libPods-CerasusTempor-tvOS.a */; };
		C8B9FDED76FA18D414293092 /* libPods-CerasusTempor-CerasusTemporTests.a in Frameworks */ = {isa = PBXBuildFile; fileRef = 03CC9F21A1D6807D03712DAA /* libPods-CerasusTempor-CerasusTemporTests.a */; };
		E9B05EA0A2DB4DB881559614 /* TTNorms-Bold.otf in Resources */ = {isa = PBXBuildFile; fileRef = 2B2194B2848F45C6BE31B404 /* TTNorms-Bold.otf */; };
		2D8FD99724354041A6857A9A /* TTNorms-BoldItalic.otf in Resources */ = {isa = PBXBuildFile; fileRef = E2223FC1DA464190AE41D646 /* TTNorms-BoldItalic.otf */; };
		EC454C0E72F64B1CB0CE3A01 /* TTNorms-ExtraBold.otf in Resources */ = {isa = PBXBuildFile; fileRef = D4CED12F889D4C6C8233C13A /* TTNorms-ExtraBold.otf */; };
		196964065D7D43E794322A4A /* TTNorms-ExtraBoldItalic.otf in Resources */ = {isa = PBXBuildFile; fileRef = 1F19CF400C6D4DFAA41792D3 /* TTNorms-ExtraBoldItalic.otf */; };
		253BA047485E420CB9420B57 /* TTNorms-Italic.otf in Resources */ = {isa = PBXBuildFile; fileRef = 91619B5E5DE14B1F9169E781 /* TTNorms-Italic.otf */; };
		346E8378B0E1460C962619E1 /* TTNorms-Light.otf in Resources */ = {isa = PBXBuildFile; fileRef = 25402BF807564F29876302A3 /* TTNorms-Light.otf */; };
		4EC44E32C05D4E1F9096FFFB /* TTNorms-LightItalic.otf in Resources */ = {isa = PBXBuildFile; fileRef = 40FB62555D3D4D9FA9416001 /* TTNorms-LightItalic.otf */; };
		84AD943D552D49D783F61F9B /* TTNorms-Medium.otf in Resources */ = {isa = PBXBuildFile; fileRef = 7BA28452A3EA43369555A207 /* TTNorms-Medium.otf */; };
		2C20AEC6F0CF40EA97D472C1 /* TTNorms-MediumItalic.otf in Resources */ = {isa = PBXBuildFile; fileRef = 4B71B76FC62C4918817F6B44 /* TTNorms-MediumItalic.otf */; };
		697F2AA71EB24610A2C0F329 /* TTNorms-Regular.otf in Resources */ = {isa = PBXBuildFile; fileRef = 5D0F03CB3EC6474B89DF3640 /* TTNorms-Regular.otf */; };
		1E06927DB70740B399C33107 /* AntDesign.ttf in Resources */ = {isa = PBXBuildFile; fileRef = 63F1562F24724A8EAD6E60C4 /* AntDesign.ttf */; };
		3D42C5E6AF6043F0B8232EE4 /* Entypo.ttf in Resources */ = {isa = PBXBuildFile; fileRef = CBD655C41A5748B8B0C79718 /* Entypo.ttf */; };
		2755413717DC47D4AEAD9991 /* EvilIcons.ttf in Resources */ = {isa = PBXBuildFile; fileRef = 48C6203116F041EF9639CC80 /* EvilIcons.ttf */; };
		702D91900988450B82DE04A5 /* Feather.ttf in Resources */ = {isa = PBXBuildFile; fileRef = AE4E1B315B164FDD8AFC658F /* Feather.ttf */; };
		FC83402070CF48D1A3006F26 /* FontAwesome.ttf in Resources */ = {isa = PBXBuildFile; fileRef = 552F3D82DB04468197042FBE /* FontAwesome.ttf */; };
		45E434B698E54525B531F391 /* FontAwesome5_Brands.ttf in Resources */ = {isa = PBXBuildFile; fileRef = 8DE6D115E84A4CB082D79F3E /* FontAwesome5_Brands.ttf */; };
		069E7931BA844BA1BB0F6FAB /* FontAwesome5_Regular.ttf in Resources */ = {isa = PBXBuildFile; fileRef = 1ADD8D88E4504CB585095816 /* FontAwesome5_Regular.ttf */; };
		56340DDADE1048839BA8482F /* FontAwesome5_Solid.ttf in Resources */ = {isa = PBXBuildFile; fileRef = E30DC53C3C88431CBC1C2AD9 /* FontAwesome5_Solid.ttf */; };
		1532E6388BF143F6A55F6B17 /* Fontisto.ttf in Resources */ = {isa = PBXBuildFile; fileRef = E5F8312B86774246B7C8003D /* Fontisto.ttf */; };
		753EF7D2A6B2444FB280380A /* Foundation.ttf in Resources */ = {isa = PBXBuildFile; fileRef = CBD1F421495C486A8856BDE5 /* Foundation.ttf */; };
		3F041C6B38FC478B92033F2F /* Ionicons.ttf in Resources */ = {isa = PBXBuildFile; fileRef = 2A93E5B583B04067B4E8F940 /* Ionicons.ttf */; };
		BB3952E873AF4D4686A25E30 /* MaterialCommunityIcons.ttf in Resources */ = {isa = PBXBuildFile; fileRef = 23018CB56BB64DB684E64B3F /* MaterialCommunityIcons.ttf */; };
		ADE5447CDB1A49BA8AB763FC /* MaterialIcons.ttf in Resources */ = {isa = PBXBuildFile; fileRef = F4E2BFF05D3748A8A6C3BE0F /* MaterialIcons.ttf */; };
		00EAC2E4A6F74AEAA812215E /* Octicons.ttf in Resources */ = {isa = PBXBuildFile; fileRef = 87F0D751E71B410D9EA2FAC1 /* Octicons.ttf */; };
		B8A78F240A56443A95DB0046 /* SimpleLineIcons.ttf in Resources */ = {isa = PBXBuildFile; fileRef = 8ABBA2C4DF744AEB86A89A53 /* SimpleLineIcons.ttf */; };
		AEA6A921AC604382B1B1651F /* Zocial.ttf in Resources */ = {isa = PBXBuildFile; fileRef = 6ED84F22A2C64CEFA5E25D05 /* Zocial.ttf */; };
		F619038A3A8E404EA86BFDF4 /* Bitter-Bold.ttf in Resources */ = {isa = PBXBuildFile; fileRef = EE532113E0C947148F25E161 /* Bitter-Bold.ttf */; };
		30E3CC9CC2984F9BAF0D83D1 /* Bitter-Regular.ttf in Resources */ = {isa = PBXBuildFile; fileRef = 659F312509FE4A1B88047057 /* Bitter-Regular.ttf */; };
		4C2379964AE94537803B1636 /* OpenSans-BoldItalic.ttf in Resources */ = {isa = PBXBuildFile; fileRef = D59491E95AB44909B1178F6C /* OpenSans-BoldItalic.ttf */; };
		6EFFD323A9194BBBA45BF687 /* OpenSans-ExtraBold.ttf in Resources */ = {isa = PBXBuildFile; fileRef = 40B62E4B7B134A478F638610 /* OpenSans-ExtraBold.ttf */; };
		85260C1D2F8D4E11B9A8801C /* OpenSans-ExtraBoldItalic.ttf in Resources */ = {isa = PBXBuildFile; fileRef = 275A500B39424A2D954E2D3E /* OpenSans-ExtraBoldItalic.ttf */; };
		90A1DDAC60694E4791615B8C /* OpenSans-Italic.ttf in Resources */ = {isa = PBXBuildFile; fileRef = C41685B74E34474FB9552A45 /* OpenSans-Italic.ttf */; };
		F7AFA402DE214DF79BA20FFE /* OpenSans-Light.ttf in Resources */ = {isa = PBXBuildFile; fileRef = 5A73876BE6DC40E2857C7126 /* OpenSans-Light.ttf */; };
		EC8C0FB5D4CC48DBB7486BB8 /* OpenSans-LightItalic.ttf in Resources */ = {isa = PBXBuildFile; fileRef = 0AE2D76D98DD4E79B7CF72D7 /* OpenSans-LightItalic.ttf */; };
		0019C85FC3504FE6BF73E0BF /* OpenSans-SemiBold.ttf in Resources */ = {isa = PBXBuildFile; fileRef = 16FFEDD4506F4A58BAA8460C /* OpenSans-SemiBold.ttf */; };
		1C382C42BC22406C83D9F06E /* OpenSans-SemiBoldItalic.ttf in Resources */ = {isa = PBXBuildFile; fileRef = E3F91CA1B7C347798545DA94 /* OpenSans-SemiBoldItalic.ttf */; };
		120677430EFF452BBBC5329A /* OpenSans-Bold.ttf in Resources */ = {isa = PBXBuildFile; fileRef = DDBAA9DE21934B6C8FB4C86C /* OpenSans-Bold.ttf */; };
		20089EF59B954BE9BBD9A3CF /* OpenSans-Regular.ttf in Resources */ = {isa = PBXBuildFile; fileRef = FFE78E58B2644547A99DCCAF /* OpenSans-Regular.ttf */; };
/* End PBXBuildFile section */

/* Begin PBXContainerItemProxy section */
		00E356F41AD99517003FC87E /* PBXContainerItemProxy */ = {
			isa = PBXContainerItemProxy;
			containerPortal = 83CBB9F71A601CBA00E9B192 /* Project object */;
			proxyType = 1;
			remoteGlobalIDString = 13B07F861A680F5B00A75B9A;
			remoteInfo = CerasusTempor;
		};
		2D02E4911E0B4A5D006451C7 /* PBXContainerItemProxy */ = {
			isa = PBXContainerItemProxy;
			containerPortal = 83CBB9F71A601CBA00E9B192 /* Project object */;
			proxyType = 1;
			remoteGlobalIDString = 2D02E47A1E0B4A5D006451C7;
			remoteInfo = "CerasusTempor-tvOS";
		};
/* End PBXContainerItemProxy section */

/* Begin PBXFileReference section */
		008F07F21AC5B25A0029DE68 /* main.jsbundle */ = {isa = PBXFileReference; fileEncoding = 4; lastKnownFileType = text; path = main.jsbundle; sourceTree = "<group>"; };
		00E356EE1AD99517003FC87E /* CerasusTemporTests.xctest */ = {isa = PBXFileReference; explicitFileType = wrapper.cfbundle; includeInIndex = 0; path = CerasusTemporTests.xctest; sourceTree = BUILT_PRODUCTS_DIR; };
		00E356F11AD99517003FC87E /* Info.plist */ = {isa = PBXFileReference; lastKnownFileType = text.plist.xml; path = Info.plist; sourceTree = "<group>"; };
		00E356F21AD99517003FC87E /* CerasusTemporTests.m */ = {isa = PBXFileReference; lastKnownFileType = sourcecode.c.objc; path = CerasusTemporTests.m; sourceTree = "<group>"; };
		03CC9F21A1D6807D03712DAA /* libPods-CerasusTempor-CerasusTemporTests.a */ = {isa = PBXFileReference; explicitFileType = archive.ar; includeInIndex = 0; path = "libPods-CerasusTempor-CerasusTemporTests.a"; sourceTree = BUILT_PRODUCTS_DIR; };
		0F557962FE31969AD9BA6EE4 /* libPods-CerasusTempor-tvOSTests.a */ = {isa = PBXFileReference; explicitFileType = archive.ar; includeInIndex = 0; path = "libPods-CerasusTempor-tvOSTests.a"; sourceTree = BUILT_PRODUCTS_DIR; };
		13B07F961A680F5B00A75B9A /* CerasusTempor.app */ = {isa = PBXFileReference; explicitFileType = wrapper.application; includeInIndex = 0; path = CerasusTempor.app; sourceTree = BUILT_PRODUCTS_DIR; };
		13B07FAF1A68108700A75B9A /* AppDelegate.h */ = {isa = PBXFileReference; fileEncoding = 4; lastKnownFileType = sourcecode.c.h; name = AppDelegate.h; path = CerasusTempor/AppDelegate.h; sourceTree = "<group>"; };
		13B07FB01A68108700A75B9A /* AppDelegate.m */ = {isa = PBXFileReference; fileEncoding = 4; lastKnownFileType = sourcecode.c.objc; name = AppDelegate.m; path = CerasusTempor/AppDelegate.m; sourceTree = "<group>"; };
		13B07FB21A68108700A75B9A /* Base */ = {isa = PBXFileReference; lastKnownFileType = file.xib; name = Base; path = Base.lproj/LaunchScreen.xib; sourceTree = "<group>"; };
		13B07FB51A68108700A75B9A /* Images.xcassets */ = {isa = PBXFileReference; lastKnownFileType = folder.assetcatalog; name = Images.xcassets; path = CerasusTempor/Images.xcassets; sourceTree = "<group>"; };
		13B07FB61A68108700A75B9A /* Info.plist */ = {isa = PBXFileReference; fileEncoding = 4; lastKnownFileType = text.plist.xml; name = Info.plist; path = CerasusTempor/Info.plist; sourceTree = "<group>"; };
		13B07FB71A68108700A75B9A /* main.m */ = {isa = PBXFileReference; fileEncoding = 4; lastKnownFileType = sourcecode.c.objc; name = main.m; path = CerasusTempor/main.m; sourceTree = "<group>"; };
		2400A9B6DCDC00995CBC6F3D /* Pods-CerasusTempor-CerasusTemporTests.debug.xcconfig */ = {isa = PBXFileReference; includeInIndex = 1; lastKnownFileType = text.xcconfig; name = "Pods-CerasusTempor-CerasusTemporTests.debug.xcconfig"; path = "Target Support Files/Pods-CerasusTempor-CerasusTemporTests/Pods-CerasusTempor-CerasusTemporTests.debug.xcconfig"; sourceTree = "<group>"; };
		2D02E47B1E0B4A5D006451C7 /* CerasusTempor-tvOS.app */ = {isa = PBXFileReference; explicitFileType = wrapper.application; includeInIndex = 0; path = "CerasusTempor-tvOS.app"; sourceTree = BUILT_PRODUCTS_DIR; };
		2D02E4901E0B4A5D006451C7 /* CerasusTempor-tvOSTests.xctest */ = {isa = PBXFileReference; explicitFileType = wrapper.cfbundle; includeInIndex = 0; path = "CerasusTempor-tvOSTests.xctest"; sourceTree = BUILT_PRODUCTS_DIR; };
		2D677684AF7516CFD5340AED /* Pods-CerasusTempor-CerasusTemporTests.release.xcconfig */ = {isa = PBXFileReference; includeInIndex = 1; lastKnownFileType = text.xcconfig; name = "Pods-CerasusTempor-CerasusTemporTests.release.xcconfig"; path = "Target Support Files/Pods-CerasusTempor-CerasusTemporTests/Pods-CerasusTempor-CerasusTemporTests.release.xcconfig"; sourceTree = "<group>"; };
		31516471AAF3A3F0D577A9B1 /* Pods-CerasusTempor-tvOS.release.xcconfig */ = {isa = PBXFileReference; includeInIndex = 1; lastKnownFileType = text.xcconfig; name = "Pods-CerasusTempor-tvOS.release.xcconfig"; path = "Target Support Files/Pods-CerasusTempor-tvOS/Pods-CerasusTempor-tvOS.release.xcconfig"; sourceTree = "<group>"; };
		661A509EA6D9C0E9C92FD37A /* Pods-CerasusTempor.release.xcconfig */ = {isa = PBXFileReference; includeInIndex = 1; lastKnownFileType = text.xcconfig; name = "Pods-CerasusTempor.release.xcconfig"; path = "Target Support Files/Pods-CerasusTempor/Pods-CerasusTempor.release.xcconfig"; sourceTree = "<group>"; };
		9216F891C2143009D24615B9 /* Pods-CerasusTempor-tvOSTests.release.xcconfig */ = {isa = PBXFileReference; includeInIndex = 1; lastKnownFileType = text.xcconfig; name = "Pods-CerasusTempor-tvOSTests.release.xcconfig"; path = "Target Support Files/Pods-CerasusTempor-tvOSTests/Pods-CerasusTempor-tvOSTests.release.xcconfig"; sourceTree = "<group>"; };
		93187176AB754C4C7F4B7EE0 /* Pods-CerasusTempor-tvOS.debug.xcconfig */ = {isa = PBXFileReference; includeInIndex = 1; lastKnownFileType = text.xcconfig; name = "Pods-CerasusTempor-tvOS.debug.xcconfig"; path = "Target Support Files/Pods-CerasusTempor-tvOS/Pods-CerasusTempor-tvOS.debug.xcconfig"; sourceTree = "<group>"; };
		99CA062E12D1F75C1B9D7086 /* libPods-CerasusTempor-tvOS.a */ = {isa = PBXFileReference; explicitFileType = archive.ar; includeInIndex = 0; path = "libPods-CerasusTempor-tvOS.a"; sourceTree = BUILT_PRODUCTS_DIR; };
		C18566F9AE951F0525A6AAE6 /* libPods-CerasusTempor.a */ = {isa = PBXFileReference; explicitFileType = archive.ar; includeInIndex = 0; path = "libPods-CerasusTempor.a"; sourceTree = BUILT_PRODUCTS_DIR; };
		CBD041AD8935F8F8509A336D /* Pods-CerasusTempor-tvOSTests.debug.xcconfig */ = {isa = PBXFileReference; includeInIndex = 1; lastKnownFileType = text.xcconfig; name = "Pods-CerasusTempor-tvOSTests.debug.xcconfig"; path = "Target Support Files/Pods-CerasusTempor-tvOSTests/Pods-CerasusTempor-tvOSTests.debug.xcconfig"; sourceTree = "<group>"; };
		ED297162215061F000B7C4FE /* JavaScriptCore.framework */ = {isa = PBXFileReference; lastKnownFileType = wrapper.framework; name = JavaScriptCore.framework; path = System/Library/Frameworks/JavaScriptCore.framework; sourceTree = SDKROOT; };
		ED2971642150620600B7C4FE /* JavaScriptCore.framework */ = {isa = PBXFileReference; lastKnownFileType = wrapper.framework; name = JavaScriptCore.framework; path = Platforms/AppleTVOS.platform/Developer/SDKs/AppleTVOS12.0.sdk/System/Library/Frameworks/JavaScriptCore.framework; sourceTree = DEVELOPER_DIR; };
		FA4E85A19E26F83AA71D88E8 /* Pods-CerasusTempor.debug.xcconfig */ = {isa = PBXFileReference; includeInIndex = 1; lastKnownFileType = text.xcconfig; name = "Pods-CerasusTempor.debug.xcconfig"; path = "Target Support Files/Pods-CerasusTempor/Pods-CerasusTempor.debug.xcconfig"; sourceTree = "<group>"; };
		2B2194B2848F45C6BE31B404 /* TTNorms-Bold.otf */ = {isa = PBXFileReference; name = "TTNorms-Bold.otf"; path = "../app/assets/fonts/TTNorms-Bold.otf"; sourceTree = "<group>"; fileEncoding = undefined; lastKnownFileType = unknown; explicitFileType = undefined; includeInIndex = 0; };
		E2223FC1DA464190AE41D646 /* TTNorms-BoldItalic.otf */ = {isa = PBXFileReference; name = "TTNorms-BoldItalic.otf"; path = "../app/assets/fonts/TTNorms-BoldItalic.otf"; sourceTree = "<group>"; fileEncoding = undefined; lastKnownFileType = unknown; explicitFileType = undefined; includeInIndex = 0; };
		D4CED12F889D4C6C8233C13A /* TTNorms-ExtraBold.otf */ = {isa = PBXFileReference; name = "TTNorms-ExtraBold.otf"; path = "../app/assets/fonts/TTNorms-ExtraBold.otf"; sourceTree = "<group>"; fileEncoding = undefined; lastKnownFileType = unknown; explicitFileType = undefined; includeInIndex = 0; };
		1F19CF400C6D4DFAA41792D3 /* TTNorms-ExtraBoldItalic.otf */ = {isa = PBXFileReference; name = "TTNorms-ExtraBoldItalic.otf"; path = "../app/assets/fonts/TTNorms-ExtraBoldItalic.otf"; sourceTree = "<group>"; fileEncoding = undefined; lastKnownFileType = unknown; explicitFileType = undefined; includeInIndex = 0; };
		91619B5E5DE14B1F9169E781 /* TTNorms-Italic.otf */ = {isa = PBXFileReference; name = "TTNorms-Italic.otf"; path = "../app/assets/fonts/TTNorms-Italic.otf"; sourceTree = "<group>"; fileEncoding = undefined; lastKnownFileType = unknown; explicitFileType = undefined; includeInIndex = 0; };
		25402BF807564F29876302A3 /* TTNorms-Light.otf */ = {isa = PBXFileReference; name = "TTNorms-Light.otf"; path = "../app/assets/fonts/TTNorms-Light.otf"; sourceTree = "<group>"; fileEncoding = undefined; lastKnownFileType = unknown; explicitFileType = undefined; includeInIndex = 0; };
		40FB62555D3D4D9FA9416001 /* TTNorms-LightItalic.otf */ = {isa = PBXFileReference; name = "TTNorms-LightItalic.otf"; path = "../app/assets/fonts/TTNorms-LightItalic.otf"; sourceTree = "<group>"; fileEncoding = undefined; lastKnownFileType = unknown; explicitFileType = undefined; includeInIndex = 0; };
		7BA28452A3EA43369555A207 /* TTNorms-Medium.otf */ = {isa = PBXFileReference; name = "TTNorms-Medium.otf"; path = "../app/assets/fonts/TTNorms-Medium.otf"; sourceTree = "<group>"; fileEncoding = undefined; lastKnownFileType = unknown; explicitFileType = undefined; includeInIndex = 0; };
		4B71B76FC62C4918817F6B44 /* TTNorms-MediumItalic.otf */ = {isa = PBXFileReference; name = "TTNorms-MediumItalic.otf"; path = "../app/assets/fonts/TTNorms-MediumItalic.otf"; sourceTree = "<group>"; fileEncoding = undefined; lastKnownFileType = unknown; explicitFileType = undefined; includeInIndex = 0; };
		5D0F03CB3EC6474B89DF3640 /* TTNorms-Regular.otf */ = {isa = PBXFileReference; name = "TTNorms-Regular.otf"; path = "../app/assets/fonts/TTNorms-Regular.otf"; sourceTree = "<group>"; fileEncoding = undefined; lastKnownFileType = unknown; explicitFileType = undefined; includeInIndex = 0; };
		63F1562F24724A8EAD6E60C4 /* AntDesign.ttf */ = {isa = PBXFileReference; name = "AntDesign.ttf"; path = "../node_modules/react-native-vector-icons/Fonts/AntDesign.ttf"; sourceTree = "<group>"; fileEncoding = undefined; lastKnownFileType = unknown; explicitFileType = undefined; includeInIndex = 0; };
		CBD655C41A5748B8B0C79718 /* Entypo.ttf */ = {isa = PBXFileReference; name = "Entypo.ttf"; path = "../node_modules/react-native-vector-icons/Fonts/Entypo.ttf"; sourceTree = "<group>"; fileEncoding = undefined; lastKnownFileType = unknown; explicitFileType = undefined; includeInIndex = 0; };
		48C6203116F041EF9639CC80 /* EvilIcons.ttf */ = {isa = PBXFileReference; name = "EvilIcons.ttf"; path = "../node_modules/react-native-vector-icons/Fonts/EvilIcons.ttf"; sourceTree = "<group>"; fileEncoding = undefined; lastKnownFileType = unknown; explicitFileType = undefined; includeInIndex = 0; };
		AE4E1B315B164FDD8AFC658F /* Feather.ttf */ = {isa = PBXFileReference; name = "Feather.ttf"; path = "../node_modules/react-native-vector-icons/Fonts/Feather.ttf"; sourceTree = "<group>"; fileEncoding = undefined; lastKnownFileType = unknown; explicitFileType = undefined; includeInIndex = 0; };
		552F3D82DB04468197042FBE /* FontAwesome.ttf */ = {isa = PBXFileReference; name = "FontAwesome.ttf"; path = "../node_modules/react-native-vector-icons/Fonts/FontAwesome.ttf"; sourceTree = "<group>"; fileEncoding = undefined; lastKnownFileType = unknown; explicitFileType = undefined; includeInIndex = 0; };
		8DE6D115E84A4CB082D79F3E /* FontAwesome5_Brands.ttf */ = {isa = PBXFileReference; name = "FontAwesome5_Brands.ttf"; path = "../node_modules/react-native-vector-icons/Fonts/FontAwesome5_Brands.ttf"; sourceTree = "<group>"; fileEncoding = undefined; lastKnownFileType = unknown; explicitFileType = undefined; includeInIndex = 0; };
		1ADD8D88E4504CB585095816 /* FontAwesome5_Regular.ttf */ = {isa = PBXFileReference; name = "FontAwesome5_Regular.ttf"; path = "../node_modules/react-native-vector-icons/Fonts/FontAwesome5_Regular.ttf"; sourceTree = "<group>"; fileEncoding = undefined; lastKnownFileType = unknown; explicitFileType = undefined; includeInIndex = 0; };
		E30DC53C3C88431CBC1C2AD9 /* FontAwesome5_Solid.ttf */ = {isa = PBXFileReference; name = "FontAwesome5_Solid.ttf"; path = "../node_modules/react-native-vector-icons/Fonts/FontAwesome5_Solid.ttf"; sourceTree = "<group>"; fileEncoding = undefined; lastKnownFileType = unknown; explicitFileType = undefined; includeInIndex = 0; };
		E5F8312B86774246B7C8003D /* Fontisto.ttf */ = {isa = PBXFileReference; name = "Fontisto.ttf"; path = "../node_modules/react-native-vector-icons/Fonts/Fontisto.ttf"; sourceTree = "<group>"; fileEncoding = undefined; lastKnownFileType = unknown; explicitFileType = undefined; includeInIndex = 0; };
		CBD1F421495C486A8856BDE5 /* Foundation.ttf */ = {isa = PBXFileReference; name = "Foundation.ttf"; path = "../node_modules/react-native-vector-icons/Fonts/Foundation.ttf"; sourceTree = "<group>"; fileEncoding = undefined; lastKnownFileType = unknown; explicitFileType = undefined; includeInIndex = 0; };
		2A93E5B583B04067B4E8F940 /* Ionicons.ttf */ = {isa = PBXFileReference; name = "Ionicons.ttf"; path = "../node_modules/react-native-vector-icons/Fonts/Ionicons.ttf"; sourceTree = "<group>"; fileEncoding = undefined; lastKnownFileType = unknown; explicitFileType = undefined; includeInIndex = 0; };
		23018CB56BB64DB684E64B3F /* MaterialCommunityIcons.ttf */ = {isa = PBXFileReference; name = "MaterialCommunityIcons.ttf"; path = "../node_modules/react-native-vector-icons/Fonts/MaterialCommunityIcons.ttf"; sourceTree = "<group>"; fileEncoding = undefined; lastKnownFileType = unknown; explicitFileType = undefined; includeInIndex = 0; };
		F4E2BFF05D3748A8A6C3BE0F /* MaterialIcons.ttf */ = {isa = PBXFileReference; name = "MaterialIcons.ttf"; path = "../node_modules/react-native-vector-icons/Fonts/MaterialIcons.ttf"; sourceTree = "<group>"; fileEncoding = undefined; lastKnownFileType = unknown; explicitFileType = undefined; includeInIndex = 0; };
		87F0D751E71B410D9EA2FAC1 /* Octicons.ttf */ = {isa = PBXFileReference; name = "Octicons.ttf"; path = "../node_modules/react-native-vector-icons/Fonts/Octicons.ttf"; sourceTree = "<group>"; fileEncoding = undefined; lastKnownFileType = unknown; explicitFileType = undefined; includeInIndex = 0; };
		8ABBA2C4DF744AEB86A89A53 /* SimpleLineIcons.ttf */ = {isa = PBXFileReference; name = "SimpleLineIcons.ttf"; path = "../node_modules/react-native-vector-icons/Fonts/SimpleLineIcons.ttf"; sourceTree = "<group>"; fileEncoding = undefined; lastKnownFileType = unknown; explicitFileType = undefined; includeInIndex = 0; };
		6ED84F22A2C64CEFA5E25D05 /* Zocial.ttf */ = {isa = PBXFileReference; name = "Zocial.ttf"; path = "../node_modules/react-native-vector-icons/Fonts/Zocial.ttf"; sourceTree = "<group>"; fileEncoding = undefined; lastKnownFileType = unknown; explicitFileType = undefined; includeInIndex = 0; };
		EE532113E0C947148F25E161 /* Bitter-Bold.ttf */ = {isa = PBXFileReference; name = "Bitter-Bold.ttf"; path = "../app/assets/fonts/Bitter-Bold.ttf"; sourceTree = "<group>"; fileEncoding = undefined; lastKnownFileType = unknown; explicitFileType = undefined; includeInIndex = 0; };
		659F312509FE4A1B88047057 /* Bitter-Regular.ttf */ = {isa = PBXFileReference; name = "Bitter-Regular.ttf"; path = "../app/assets/fonts/Bitter-Regular.ttf"; sourceTree = "<group>"; fileEncoding = undefined; lastKnownFileType = unknown; explicitFileType = undefined; includeInIndex = 0; };
		D59491E95AB44909B1178F6C /* OpenSans-BoldItalic.ttf */ = {isa = PBXFileReference; name = "OpenSans-BoldItalic.ttf"; path = "../app/assets/fonts/Open_Sans/OpenSans-BoldItalic.ttf"; sourceTree = "<group>"; fileEncoding = undefined; lastKnownFileType = unknown; explicitFileType = undefined; includeInIndex = 0; };
		40B62E4B7B134A478F638610 /* OpenSans-ExtraBold.ttf */ = {isa = PBXFileReference; name = "OpenSans-ExtraBold.ttf"; path = "../app/assets/fonts/Open_Sans/OpenSans-ExtraBold.ttf"; sourceTree = "<group>"; fileEncoding = undefined; lastKnownFileType = unknown; explicitFileType = undefined; includeInIndex = 0; };
		275A500B39424A2D954E2D3E /* OpenSans-ExtraBoldItalic.ttf */ = {isa = PBXFileReference; name = "OpenSans-ExtraBoldItalic.ttf"; path = "../app/assets/fonts/Open_Sans/OpenSans-ExtraBoldItalic.ttf"; sourceTree = "<group>"; fileEncoding = undefined; lastKnownFileType = unknown; explicitFileType = undefined; includeInIndex = 0; };
		C41685B74E34474FB9552A45 /* OpenSans-Italic.ttf */ = {isa = PBXFileReference; name = "OpenSans-Italic.ttf"; path = "../app/assets/fonts/Open_Sans/OpenSans-Italic.ttf"; sourceTree = "<group>"; fileEncoding = undefined; lastKnownFileType = unknown; explicitFileType = undefined; includeInIndex = 0; };
		5A73876BE6DC40E2857C7126 /* OpenSans-Light.ttf */ = {isa = PBXFileReference; name = "OpenSans-Light.ttf"; path = "../app/assets/fonts/Open_Sans/OpenSans-Light.ttf"; sourceTree = "<group>"; fileEncoding = undefined; lastKnownFileType = unknown; explicitFileType = undefined; includeInIndex = 0; };
		0AE2D76D98DD4E79B7CF72D7 /* OpenSans-LightItalic.ttf */ = {isa = PBXFileReference; name = "OpenSans-LightItalic.ttf"; path = "../app/assets/fonts/Open_Sans/OpenSans-LightItalic.ttf"; sourceTree = "<group>"; fileEncoding = undefined; lastKnownFileType = unknown; explicitFileType = undefined; includeInIndex = 0; };
		16FFEDD4506F4A58BAA8460C /* OpenSans-SemiBold.ttf */ = {isa = PBXFileReference; name = "OpenSans-SemiBold.ttf"; path = "../app/assets/fonts/Open_Sans/OpenSans-SemiBold.ttf"; sourceTree = "<group>"; fileEncoding = undefined; lastKnownFileType = unknown; explicitFileType = undefined; includeInIndex = 0; };
		E3F91CA1B7C347798545DA94 /* OpenSans-SemiBoldItalic.ttf */ = {isa = PBXFileReference; name = "OpenSans-SemiBoldItalic.ttf"; path = "../app/assets/fonts/Open_Sans/OpenSans-SemiBoldItalic.ttf"; sourceTree = "<group>"; fileEncoding = undefined; lastKnownFileType = unknown; explicitFileType = undefined; includeInIndex = 0; };
		DDBAA9DE21934B6C8FB4C86C /* OpenSans-Bold.ttf */ = {isa = PBXFileReference; name = "OpenSans-Bold.ttf"; path = "../app/assets/fonts/OpenSans-Bold.ttf"; sourceTree = "<group>"; fileEncoding = undefined; lastKnownFileType = unknown; explicitFileType = undefined; includeInIndex = 0; };
		FFE78E58B2644547A99DCCAF /* OpenSans-Regular.ttf */ = {isa = PBXFileReference; name = "OpenSans-Regular.ttf"; path = "../app/assets/fonts/OpenSans-Regular.ttf"; sourceTree = "<group>"; fileEncoding = undefined; lastKnownFileType = unknown; explicitFileType = undefined; includeInIndex = 0; };
/* End PBXFileReference section */

/* Begin PBXFrameworksBuildPhase section */
		00E356EB1AD99517003FC87E /* Frameworks */ = {
			isa = PBXFrameworksBuildPhase;
			buildActionMask = 2147483647;
			files = (
				C8B9FDED76FA18D414293092 /* libPods-CerasusTempor-CerasusTemporTests.a in Frameworks */,
			);
			runOnlyForDeploymentPostprocessing = 0;
		};
		13B07F8C1A680F5B00A75B9A /* Frameworks */ = {
			isa = PBXFrameworksBuildPhase;
			buildActionMask = 2147483647;
			files = (
				1A0E4F1CC90D91C9FD46B0C3 /* libPods-CerasusTempor.a in Frameworks */,
			);
			runOnlyForDeploymentPostprocessing = 0;
		};
		2D02E4781E0B4A5D006451C7 /* Frameworks */ = {
			isa = PBXFrameworksBuildPhase;
			buildActionMask = 2147483647;
			files = (
				7C83A0391CD3E6240A95D0A6 /* libPods-CerasusTempor-tvOS.a in Frameworks */,
			);
			runOnlyForDeploymentPostprocessing = 0;
		};
		2D02E48D1E0B4A5D006451C7 /* Frameworks */ = {
			isa = PBXFrameworksBuildPhase;
			buildActionMask = 2147483647;
			files = (
				2AF20CAC9BD5E015CBAD317F /* libPods-CerasusTempor-tvOSTests.a in Frameworks */,
			);
			runOnlyForDeploymentPostprocessing = 0;
		};
/* End PBXFrameworksBuildPhase section */

/* Begin PBXGroup section */
		00E356EF1AD99517003FC87E /* CerasusTemporTests */ = {
			isa = PBXGroup;
			children = (
				00E356F21AD99517003FC87E /* CerasusTemporTests.m */,
				00E356F01AD99517003FC87E /* Supporting Files */,
			);
			path = CerasusTemporTests;
			sourceTree = "<group>";
		};
		00E356F01AD99517003FC87E /* Supporting Files */ = {
			isa = PBXGroup;
			children = (
				00E356F11AD99517003FC87E /* Info.plist */,
			);
			name = "Supporting Files";
			sourceTree = "<group>";
		};
		13B07FAE1A68108700A75B9A /* CerasusTempor */ = {
			isa = PBXGroup;
			children = (
				008F07F21AC5B25A0029DE68 /* main.jsbundle */,
				13B07FAF1A68108700A75B9A /* AppDelegate.h */,
				13B07FB01A68108700A75B9A /* AppDelegate.m */,
				13B07FB51A68108700A75B9A /* Images.xcassets */,
				13B07FB61A68108700A75B9A /* Info.plist */,
				13B07FB11A68108700A75B9A /* LaunchScreen.xib */,
				13B07FB71A68108700A75B9A /* main.m */,
			);
			name = CerasusTempor;
			sourceTree = "<group>";
		};
		2D16E6871FA4F8E400B85C8A /* Frameworks */ = {
			isa = PBXGroup;
			children = (
				ED297162215061F000B7C4FE /* JavaScriptCore.framework */,
				ED2971642150620600B7C4FE /* JavaScriptCore.framework */,
				C18566F9AE951F0525A6AAE6 /* libPods-CerasusTempor.a */,
				03CC9F21A1D6807D03712DAA /* libPods-CerasusTempor-CerasusTemporTests.a */,
				99CA062E12D1F75C1B9D7086 /* libPods-CerasusTempor-tvOS.a */,
				0F557962FE31969AD9BA6EE4 /* libPods-CerasusTempor-tvOSTests.a */,
			);
			name = Frameworks;
			sourceTree = "<group>";
		};
		832341AE1AAA6A7D00B99B32 /* Libraries */ = {
			isa = PBXGroup;
			children = (
			);
			name = Libraries;
			sourceTree = "<group>";
		};
		83CBB9F61A601CBA00E9B192 = {
			isa = PBXGroup;
			children = (
				13B07FAE1A68108700A75B9A /* CerasusTempor */,
				832341AE1AAA6A7D00B99B32 /* Libraries */,
				00E356EF1AD99517003FC87E /* CerasusTemporTests */,
				83CBBA001A601CBA00E9B192 /* Products */,
				2D16E6871FA4F8E400B85C8A /* Frameworks */,
				EF9947862013420FF62EBA09 /* Pods */,
				2B9B4EB9721A459DA50055BF /* Resources */,
			);
			indentWidth = 2;
			sourceTree = "<group>";
			tabWidth = 2;
			usesTabs = 0;
		};
		83CBBA001A601CBA00E9B192 /* Products */ = {
			isa = PBXGroup;
			children = (
				13B07F961A680F5B00A75B9A /* CerasusTempor.app */,
				00E356EE1AD99517003FC87E /* CerasusTemporTests.xctest */,
				2D02E47B1E0B4A5D006451C7 /* CerasusTempor-tvOS.app */,
				2D02E4901E0B4A5D006451C7 /* CerasusTempor-tvOSTests.xctest */,
			);
			name = Products;
			sourceTree = "<group>";
		};
		EF9947862013420FF62EBA09 /* Pods */ = {
			isa = PBXGroup;
			children = (
				FA4E85A19E26F83AA71D88E8 /* Pods-CerasusTempor.debug.xcconfig */,
				661A509EA6D9C0E9C92FD37A /* Pods-CerasusTempor.release.xcconfig */,
				2400A9B6DCDC00995CBC6F3D /* Pods-CerasusTempor-CerasusTemporTests.debug.xcconfig */,
				2D677684AF7516CFD5340AED /* Pods-CerasusTempor-CerasusTemporTests.release.xcconfig */,
				93187176AB754C4C7F4B7EE0 /* Pods-CerasusTempor-tvOS.debug.xcconfig */,
				31516471AAF3A3F0D577A9B1 /* Pods-CerasusTempor-tvOS.release.xcconfig */,
				CBD041AD8935F8F8509A336D /* Pods-CerasusTempor-tvOSTests.debug.xcconfig */,
				9216F891C2143009D24615B9 /* Pods-CerasusTempor-tvOSTests.release.xcconfig */,
			);
			name = Pods;
			path = Pods;
			sourceTree = "<group>";
		};
		2B9B4EB9721A459DA50055BF /* Resources */ = {
			isa = "PBXGroup";
			children = (
				2B2194B2848F45C6BE31B404 /* TTNorms-Bold.otf */,
				E2223FC1DA464190AE41D646 /* TTNorms-BoldItalic.otf */,
				D4CED12F889D4C6C8233C13A /* TTNorms-ExtraBold.otf */,
				1F19CF400C6D4DFAA41792D3 /* TTNorms-ExtraBoldItalic.otf */,
				91619B5E5DE14B1F9169E781 /* TTNorms-Italic.otf */,
				25402BF807564F29876302A3 /* TTNorms-Light.otf */,
				40FB62555D3D4D9FA9416001 /* TTNorms-LightItalic.otf */,
				7BA28452A3EA43369555A207 /* TTNorms-Medium.otf */,
				4B71B76FC62C4918817F6B44 /* TTNorms-MediumItalic.otf */,
				5D0F03CB3EC6474B89DF3640 /* TTNorms-Regular.otf */,
				63F1562F24724A8EAD6E60C4 /* AntDesign.ttf */,
				CBD655C41A5748B8B0C79718 /* Entypo.ttf */,
				48C6203116F041EF9639CC80 /* EvilIcons.ttf */,
				AE4E1B315B164FDD8AFC658F /* Feather.ttf */,
				552F3D82DB04468197042FBE /* FontAwesome.ttf */,
				8DE6D115E84A4CB082D79F3E /* FontAwesome5_Brands.ttf */,
				1ADD8D88E4504CB585095816 /* FontAwesome5_Regular.ttf */,
				E30DC53C3C88431CBC1C2AD9 /* FontAwesome5_Solid.ttf */,
				E5F8312B86774246B7C8003D /* Fontisto.ttf */,
				CBD1F421495C486A8856BDE5 /* Foundation.ttf */,
				2A93E5B583B04067B4E8F940 /* Ionicons.ttf */,
				23018CB56BB64DB684E64B3F /* MaterialCommunityIcons.ttf */,
				F4E2BFF05D3748A8A6C3BE0F /* MaterialIcons.ttf */,
				87F0D751E71B410D9EA2FAC1 /* Octicons.ttf */,
				8ABBA2C4DF744AEB86A89A53 /* SimpleLineIcons.ttf */,
				6ED84F22A2C64CEFA5E25D05 /* Zocial.ttf */,
				EE532113E0C947148F25E161 /* Bitter-Bold.ttf */,
				659F312509FE4A1B88047057 /* Bitter-Regular.ttf */,
				D59491E95AB44909B1178F6C /* OpenSans-BoldItalic.ttf */,
				40B62E4B7B134A478F638610 /* OpenSans-ExtraBold.ttf */,
				275A500B39424A2D954E2D3E /* OpenSans-ExtraBoldItalic.ttf */,
				C41685B74E34474FB9552A45 /* OpenSans-Italic.ttf */,
				5A73876BE6DC40E2857C7126 /* OpenSans-Light.ttf */,
				0AE2D76D98DD4E79B7CF72D7 /* OpenSans-LightItalic.ttf */,
				16FFEDD4506F4A58BAA8460C /* OpenSans-SemiBold.ttf */,
				E3F91CA1B7C347798545DA94 /* OpenSans-SemiBoldItalic.ttf */,
				DDBAA9DE21934B6C8FB4C86C /* OpenSans-Bold.ttf */,
				FFE78E58B2644547A99DCCAF /* OpenSans-Regular.ttf */,
			);
			name = Resources;
			sourceTree = "<group>";
			path = "";
		};
/* End PBXGroup section */

/* Begin PBXNativeTarget section */
		00E356ED1AD99517003FC87E /* CerasusTemporTests */ = {
			isa = PBXNativeTarget;
			buildConfigurationList = 00E357021AD99517003FC87E /* Build configuration list for PBXNativeTarget "CerasusTemporTests" */;
			buildPhases = (
				000E1622E6AB94364FCB1F2E /* [CP] Check Pods Manifest.lock */,
				00E356EA1AD99517003FC87E /* Sources */,
				00E356EB1AD99517003FC87E /* Frameworks */,
				00E356EC1AD99517003FC87E /* Resources */,
			);
			buildRules = (
			);
			dependencies = (
				00E356F51AD99517003FC87E /* PBXTargetDependency */,
			);
			name = CerasusTemporTests;
			productName = CerasusTemporTests;
			productReference = 00E356EE1AD99517003FC87E /* CerasusTemporTests.xctest */;
			productType = "com.apple.product-type.bundle.unit-test";
		};
		13B07F861A680F5B00A75B9A /* CerasusTempor */ = {
			isa = PBXNativeTarget;
			buildConfigurationList = 13B07F931A680F5B00A75B9A /* Build configuration list for PBXNativeTarget "CerasusTempor" */;
			buildPhases = (
				65A4BFE407BEFCD4E780D43D /* [CP] Check Pods Manifest.lock */,
				FD10A7F022414F080027D42C /* Start Packager */,
				13B07F871A680F5B00A75B9A /* Sources */,
				13B07F8C1A680F5B00A75B9A /* Frameworks */,
				13B07F8E1A680F5B00A75B9A /* Resources */,
				00DD1BFF1BD5951E006B06BC /* Bundle React Native code and images */,
			);
			buildRules = (
			);
			dependencies = (
			);
			name = CerasusTempor;
			productName = CerasusTempor;
			productReference = 13B07F961A680F5B00A75B9A /* CerasusTempor.app */;
			productType = "com.apple.product-type.application";
		};
		2D02E47A1E0B4A5D006451C7 /* CerasusTempor-tvOS */ = {
			isa = PBXNativeTarget;
			buildConfigurationList = 2D02E4BA1E0B4A5E006451C7 /* Build configuration list for PBXNativeTarget "CerasusTempor-tvOS" */;
			buildPhases = (
				52D597312F95FF248F0671AC /* [CP] Check Pods Manifest.lock */,
				FD10A7F122414F3F0027D42C /* Start Packager */,
				2D02E4771E0B4A5D006451C7 /* Sources */,
				2D02E4781E0B4A5D006451C7 /* Frameworks */,
				2D02E4791E0B4A5D006451C7 /* Resources */,
				2D02E4CB1E0B4B27006451C7 /* Bundle React Native Code And Images */,
			);
			buildRules = (
			);
			dependencies = (
			);
			name = "CerasusTempor-tvOS";
			productName = "CerasusTempor-tvOS";
			productReference = 2D02E47B1E0B4A5D006451C7 /* CerasusTempor-tvOS.app */;
			productType = "com.apple.product-type.application";
		};
		2D02E48F1E0B4A5D006451C7 /* CerasusTempor-tvOSTests */ = {
			isa = PBXNativeTarget;
			buildConfigurationList = 2D02E4BB1E0B4A5E006451C7 /* Build configuration list for PBXNativeTarget "CerasusTempor-tvOSTests" */;
			buildPhases = (
				8EE6795B27AB7950564FD719 /* [CP] Check Pods Manifest.lock */,
				2D02E48C1E0B4A5D006451C7 /* Sources */,
				2D02E48D1E0B4A5D006451C7 /* Frameworks */,
				2D02E48E1E0B4A5D006451C7 /* Resources */,
			);
			buildRules = (
			);
			dependencies = (
				2D02E4921E0B4A5D006451C7 /* PBXTargetDependency */,
			);
			name = "CerasusTempor-tvOSTests";
			productName = "CerasusTempor-tvOSTests";
			productReference = 2D02E4901E0B4A5D006451C7 /* CerasusTempor-tvOSTests.xctest */;
			productType = "com.apple.product-type.bundle.unit-test";
		};
/* End PBXNativeTarget section */

/* Begin PBXProject section */
		83CBB9F71A601CBA00E9B192 /* Project object */ = {
			isa = PBXProject;
			attributes = {
				LastUpgradeCheck = 1130;
				TargetAttributes = {
					00E356ED1AD99517003FC87E = {
						CreatedOnToolsVersion = 6.2;
						TestTargetID = 13B07F861A680F5B00A75B9A;
					};
					13B07F861A680F5B00A75B9A = {
						LastSwiftMigration = 1120;
					};
					2D02E47A1E0B4A5D006451C7 = {
						CreatedOnToolsVersion = 8.2.1;
						ProvisioningStyle = Automatic;
					};
					2D02E48F1E0B4A5D006451C7 = {
						CreatedOnToolsVersion = 8.2.1;
						ProvisioningStyle = Automatic;
						TestTargetID = 2D02E47A1E0B4A5D006451C7;
					};
				};
			};
			buildConfigurationList = 83CBB9FA1A601CBA00E9B192 /* Build configuration list for PBXProject "CerasusTempor" */;
			compatibilityVersion = "Xcode 3.2";
			developmentRegion = en;
			hasScannedForEncodings = 0;
			knownRegions = (
				en,
				Base,
			);
			mainGroup = 83CBB9F61A601CBA00E9B192;
			productRefGroup = 83CBBA001A601CBA00E9B192 /* Products */;
			projectDirPath = "";
			projectRoot = "";
			targets = (
				13B07F861A680F5B00A75B9A /* CerasusTempor */,
				00E356ED1AD99517003FC87E /* CerasusTemporTests */,
				2D02E47A1E0B4A5D006451C7 /* CerasusTempor-tvOS */,
				2D02E48F1E0B4A5D006451C7 /* CerasusTempor-tvOSTests */,
			);
		};
/* End PBXProject section */

/* Begin PBXResourcesBuildPhase section */
		00E356EC1AD99517003FC87E /* Resources */ = {
			isa = PBXResourcesBuildPhase;
			buildActionMask = 2147483647;
			files = (
			);
			runOnlyForDeploymentPostprocessing = 0;
		};
		13B07F8E1A680F5B00A75B9A /* Resources */ = {
			isa = PBXResourcesBuildPhase;
			buildActionMask = 2147483647;
			files = (
				13B07FBF1A68108700A75B9A /* Images.xcassets in Resources */,
				13B07FBD1A68108700A75B9A /* LaunchScreen.xib in Resources */,
				E9B05EA0A2DB4DB881559614 /* TTNorms-Bold.otf in Resources */,
				2D8FD99724354041A6857A9A /* TTNorms-BoldItalic.otf in Resources */,
				EC454C0E72F64B1CB0CE3A01 /* TTNorms-ExtraBold.otf in Resources */,
				196964065D7D43E794322A4A /* TTNorms-ExtraBoldItalic.otf in Resources */,
				253BA047485E420CB9420B57 /* TTNorms-Italic.otf in Resources */,
				346E8378B0E1460C962619E1 /* TTNorms-Light.otf in Resources */,
				4EC44E32C05D4E1F9096FFFB /* TTNorms-LightItalic.otf in Resources */,
				84AD943D552D49D783F61F9B /* TTNorms-Medium.otf in Resources */,
				2C20AEC6F0CF40EA97D472C1 /* TTNorms-MediumItalic.otf in Resources */,
				697F2AA71EB24610A2C0F329 /* TTNorms-Regular.otf in Resources */,
				1E06927DB70740B399C33107 /* AntDesign.ttf in Resources */,
				3D42C5E6AF6043F0B8232EE4 /* Entypo.ttf in Resources */,
				2755413717DC47D4AEAD9991 /* EvilIcons.ttf in Resources */,
				702D91900988450B82DE04A5 /* Feather.ttf in Resources */,
				FC83402070CF48D1A3006F26 /* FontAwesome.ttf in Resources */,
				45E434B698E54525B531F391 /* FontAwesome5_Brands.ttf in Resources */,
				069E7931BA844BA1BB0F6FAB /* FontAwesome5_Regular.ttf in Resources */,
				56340DDADE1048839BA8482F /* FontAwesome5_Solid.ttf in Resources */,
				1532E6388BF143F6A55F6B17 /* Fontisto.ttf in Resources */,
				753EF7D2A6B2444FB280380A /* Foundation.ttf in Resources */,
				3F041C6B38FC478B92033F2F /* Ionicons.ttf in Resources */,
				BB3952E873AF4D4686A25E30 /* MaterialCommunityIcons.ttf in Resources */,
				ADE5447CDB1A49BA8AB763FC /* MaterialIcons.ttf in Resources */,
				00EAC2E4A6F74AEAA812215E /* Octicons.ttf in Resources */,
				B8A78F240A56443A95DB0046 /* SimpleLineIcons.ttf in Resources */,
				AEA6A921AC604382B1B1651F /* Zocial.ttf in Resources */,
				F619038A3A8E404EA86BFDF4 /* Bitter-Bold.ttf in Resources */,
				30E3CC9CC2984F9BAF0D83D1 /* Bitter-Regular.ttf in Resources */,
				4C2379964AE94537803B1636 /* OpenSans-BoldItalic.ttf in Resources */,
				6EFFD323A9194BBBA45BF687 /* OpenSans-ExtraBold.ttf in Resources */,
				85260C1D2F8D4E11B9A8801C /* OpenSans-ExtraBoldItalic.ttf in Resources */,
				90A1DDAC60694E4791615B8C /* OpenSans-Italic.ttf in Resources */,
				F7AFA402DE214DF79BA20FFE /* OpenSans-Light.ttf in Resources */,
				EC8C0FB5D4CC48DBB7486BB8 /* OpenSans-LightItalic.ttf in Resources */,
				0019C85FC3504FE6BF73E0BF /* OpenSans-SemiBold.ttf in Resources */,
				1C382C42BC22406C83D9F06E /* OpenSans-SemiBoldItalic.ttf in Resources */,
				120677430EFF452BBBC5329A /* OpenSans-Bold.ttf in Resources */,
				20089EF59B954BE9BBD9A3CF /* OpenSans-Regular.ttf in Resources */,
			);
			runOnlyForDeploymentPostprocessing = 0;
		};
		2D02E4791E0B4A5D006451C7 /* Resources */ = {
			isa = PBXResourcesBuildPhase;
			buildActionMask = 2147483647;
			files = (
				2D02E4BD1E0B4A84006451C7 /* Images.xcassets in Resources */,
			);
			runOnlyForDeploymentPostprocessing = 0;
		};
		2D02E48E1E0B4A5D006451C7 /* Resources */ = {
			isa = PBXResourcesBuildPhase;
			buildActionMask = 2147483647;
			files = (
			);
			runOnlyForDeploymentPostprocessing = 0;
		};
/* End PBXResourcesBuildPhase section */

/* Begin PBXShellScriptBuildPhase section */
		000E1622E6AB94364FCB1F2E /* [CP] Check Pods Manifest.lock */ = {
			isa = PBXShellScriptBuildPhase;
			buildActionMask = 2147483647;
			files = (
			);
			inputFileListPaths = (
			);
			inputPaths = (
				"${PODS_PODFILE_DIR_PATH}/Podfile.lock",
				"${PODS_ROOT}/Manifest.lock",
			);
			name = "[CP] Check Pods Manifest.lock";
			outputFileListPaths = (
			);
			outputPaths = (
				"$(DERIVED_FILE_DIR)/Pods-CerasusTempor-CerasusTemporTests-checkManifestLockResult.txt",
			);
			runOnlyForDeploymentPostprocessing = 0;
			shellPath = /bin/sh;
			shellScript = "diff \"${PODS_PODFILE_DIR_PATH}/Podfile.lock\" \"${PODS_ROOT}/Manifest.lock\" > /dev/null\nif [ $? != 0 ] ; then\n    # print error to STDERR\n    echo \"error: The sandbox is not in sync with the Podfile.lock. Run 'pod install' or update your CocoaPods installation.\" >&2\n    exit 1\nfi\n# This output is used by Xcode 'outputs' to avoid re-running this script phase.\necho \"SUCCESS\" > \"${SCRIPT_OUTPUT_FILE_0}\"\n";
			showEnvVarsInLog = 0;
		};
		00DD1BFF1BD5951E006B06BC /* Bundle React Native code and images */ = {
			isa = PBXShellScriptBuildPhase;
			buildActionMask = 2147483647;
			files = (
			);
			inputPaths = (
			);
			name = "Bundle React Native code and images";
			outputPaths = (
			);
			runOnlyForDeploymentPostprocessing = 0;
			shellPath = /bin/sh;
			shellScript = "export NODE_BINARY=node\n../node_modules/react-native/scripts/react-native-xcode.sh";
		};
		2D02E4CB1E0B4B27006451C7 /* Bundle React Native Code And Images */ = {
			isa = PBXShellScriptBuildPhase;
			buildActionMask = 2147483647;
			files = (
			);
			inputPaths = (
			);
			name = "Bundle React Native Code And Images";
			outputPaths = (
			);
			runOnlyForDeploymentPostprocessing = 0;
			shellPath = /bin/sh;
			shellScript = "export NODE_BINARY=node\n../node_modules/react-native/scripts/react-native-xcode.sh";
		};
		52D597312F95FF248F0671AC /* [CP] Check Pods Manifest.lock */ = {
			isa = PBXShellScriptBuildPhase;
			buildActionMask = 2147483647;
			files = (
			);
			inputFileListPaths = (
			);
			inputPaths = (
				"${PODS_PODFILE_DIR_PATH}/Podfile.lock",
				"${PODS_ROOT}/Manifest.lock",
			);
			name = "[CP] Check Pods Manifest.lock";
			outputFileListPaths = (
			);
			outputPaths = (
				"$(DERIVED_FILE_DIR)/Pods-CerasusTempor-tvOS-checkManifestLockResult.txt",
			);
			runOnlyForDeploymentPostprocessing = 0;
			shellPath = /bin/sh;
			shellScript = "diff \"${PODS_PODFILE_DIR_PATH}/Podfile.lock\" \"${PODS_ROOT}/Manifest.lock\" > /dev/null\nif [ $? != 0 ] ; then\n    # print error to STDERR\n    echo \"error: The sandbox is not in sync with the Podfile.lock. Run 'pod install' or update your CocoaPods installation.\" >&2\n    exit 1\nfi\n# This output is used by Xcode 'outputs' to avoid re-running this script phase.\necho \"SUCCESS\" > \"${SCRIPT_OUTPUT_FILE_0}\"\n";
			showEnvVarsInLog = 0;
		};
		65A4BFE407BEFCD4E780D43D /* [CP] Check Pods Manifest.lock */ = {
			isa = PBXShellScriptBuildPhase;
			buildActionMask = 2147483647;
			files = (
			);
			inputFileListPaths = (
			);
			inputPaths = (
				"${PODS_PODFILE_DIR_PATH}/Podfile.lock",
				"${PODS_ROOT}/Manifest.lock",
			);
			name = "[CP] Check Pods Manifest.lock";
			outputFileListPaths = (
			);
			outputPaths = (
				"$(DERIVED_FILE_DIR)/Pods-CerasusTempor-checkManifestLockResult.txt",
			);
			runOnlyForDeploymentPostprocessing = 0;
			shellPath = /bin/sh;
			shellScript = "diff \"${PODS_PODFILE_DIR_PATH}/Podfile.lock\" \"${PODS_ROOT}/Manifest.lock\" > /dev/null\nif [ $? != 0 ] ; then\n    # print error to STDERR\n    echo \"error: The sandbox is not in sync with the Podfile.lock. Run 'pod install' or update your CocoaPods installation.\" >&2\n    exit 1\nfi\n# This output is used by Xcode 'outputs' to avoid re-running this script phase.\necho \"SUCCESS\" > \"${SCRIPT_OUTPUT_FILE_0}\"\n";
			showEnvVarsInLog = 0;
		};
		8EE6795B27AB7950564FD719 /* [CP] Check Pods Manifest.lock */ = {
			isa = PBXShellScriptBuildPhase;
			buildActionMask = 2147483647;
			files = (
			);
			inputFileListPaths = (
			);
			inputPaths = (
				"${PODS_PODFILE_DIR_PATH}/Podfile.lock",
				"${PODS_ROOT}/Manifest.lock",
			);
			name = "[CP] Check Pods Manifest.lock";
			outputFileListPaths = (
			);
			outputPaths = (
				"$(DERIVED_FILE_DIR)/Pods-CerasusTempor-tvOSTests-checkManifestLockResult.txt",
			);
			runOnlyForDeploymentPostprocessing = 0;
			shellPath = /bin/sh;
			shellScript = "diff \"${PODS_PODFILE_DIR_PATH}/Podfile.lock\" \"${PODS_ROOT}/Manifest.lock\" > /dev/null\nif [ $? != 0 ] ; then\n    # print error to STDERR\n    echo \"error: The sandbox is not in sync with the Podfile.lock. Run 'pod install' or update your CocoaPods installation.\" >&2\n    exit 1\nfi\n# This output is used by Xcode 'outputs' to avoid re-running this script phase.\necho \"SUCCESS\" > \"${SCRIPT_OUTPUT_FILE_0}\"\n";
			showEnvVarsInLog = 0;
		};
		FD10A7F022414F080027D42C /* Start Packager */ = {
			isa = PBXShellScriptBuildPhase;
			buildActionMask = 2147483647;
			files = (
			);
			inputFileListPaths = (
			);
			inputPaths = (
			);
			name = "Start Packager";
			outputFileListPaths = (
			);
			outputPaths = (
			);
			runOnlyForDeploymentPostprocessing = 0;
			shellPath = /bin/sh;
			shellScript = "export RCT_METRO_PORT=\"${RCT_METRO_PORT:=8081}\"\necho \"export RCT_METRO_PORT=${RCT_METRO_PORT}\" > \"${SRCROOT}/../node_modules/react-native/scripts/.packager.env\"\nif [ -z \"${RCT_NO_LAUNCH_PACKAGER+xxx}\" ] ; then\n  if nc -w 5 -z localhost ${RCT_METRO_PORT} ; then\n    if ! curl -s \"http://localhost:${RCT_METRO_PORT}/status\" | grep -q \"packager-status:running\" ; then\n      echo \"Port ${RCT_METRO_PORT} already in use, packager is either not running or not running correctly\"\n      exit 2\n    fi\n  else\n    open \"$SRCROOT/../node_modules/react-native/scripts/launchPackager.command\" || echo \"Can't start packager automatically\"\n  fi\nfi\n";
			showEnvVarsInLog = 0;
		};
		FD10A7F122414F3F0027D42C /* Start Packager */ = {
			isa = PBXShellScriptBuildPhase;
			buildActionMask = 2147483647;
			files = (
			);
			inputFileListPaths = (
			);
			inputPaths = (
			);
			name = "Start Packager";
			outputFileListPaths = (
			);
			outputPaths = (
			);
			runOnlyForDeploymentPostprocessing = 0;
			shellPath = /bin/sh;
			shellScript = "export RCT_METRO_PORT=\"${RCT_METRO_PORT:=8081}\"\necho \"export RCT_METRO_PORT=${RCT_METRO_PORT}\" > \"${SRCROOT}/../node_modules/react-native/scripts/.packager.env\"\nif [ -z \"${RCT_NO_LAUNCH_PACKAGER+xxx}\" ] ; then\n  if nc -w 5 -z localhost ${RCT_METRO_PORT} ; then\n    if ! curl -s \"http://localhost:${RCT_METRO_PORT}/status\" | grep -q \"packager-status:running\" ; then\n      echo \"Port ${RCT_METRO_PORT} already in use, packager is either not running or not running correctly\"\n      exit 2\n    fi\n  else\n    open \"$SRCROOT/../node_modules/react-native/scripts/launchPackager.command\" || echo \"Can't start packager automatically\"\n  fi\nfi\n";
			showEnvVarsInLog = 0;
		};
/* End PBXShellScriptBuildPhase section */

/* Begin PBXSourcesBuildPhase section */
		00E356EA1AD99517003FC87E /* Sources */ = {
			isa = PBXSourcesBuildPhase;
			buildActionMask = 2147483647;
			files = (
				00E356F31AD99517003FC87E /* CerasusTemporTests.m in Sources */,
			);
			runOnlyForDeploymentPostprocessing = 0;
		};
		13B07F871A680F5B00A75B9A /* Sources */ = {
			isa = PBXSourcesBuildPhase;
			buildActionMask = 2147483647;
			files = (
				13B07FBC1A68108700A75B9A /* AppDelegate.m in Sources */,
				13B07FC11A68108700A75B9A /* main.m in Sources */,
			);
			runOnlyForDeploymentPostprocessing = 0;
		};
		2D02E4771E0B4A5D006451C7 /* Sources */ = {
			isa = PBXSourcesBuildPhase;
			buildActionMask = 2147483647;
			files = (
				2D02E4BF1E0B4AB3006451C7 /* main.m in Sources */,
				2D02E4BC1E0B4A80006451C7 /* AppDelegate.m in Sources */,
			);
			runOnlyForDeploymentPostprocessing = 0;
		};
		2D02E48C1E0B4A5D006451C7 /* Sources */ = {
			isa = PBXSourcesBuildPhase;
			buildActionMask = 2147483647;
			files = (
				2DCD954D1E0B4F2C00145EB5 /* CerasusTemporTests.m in Sources */,
			);
			runOnlyForDeploymentPostprocessing = 0;
		};
/* End PBXSourcesBuildPhase section */

/* Begin PBXTargetDependency section */
		00E356F51AD99517003FC87E /* PBXTargetDependency */ = {
			isa = PBXTargetDependency;
			target = 13B07F861A680F5B00A75B9A /* CerasusTempor */;
			targetProxy = 00E356F41AD99517003FC87E /* PBXContainerItemProxy */;
		};
		2D02E4921E0B4A5D006451C7 /* PBXTargetDependency */ = {
			isa = PBXTargetDependency;
			target = 2D02E47A1E0B4A5D006451C7 /* CerasusTempor-tvOS */;
			targetProxy = 2D02E4911E0B4A5D006451C7 /* PBXContainerItemProxy */;
		};
/* End PBXTargetDependency section */

/* Begin PBXVariantGroup section */
		13B07FB11A68108700A75B9A /* LaunchScreen.xib */ = {
			isa = PBXVariantGroup;
			children = (
				13B07FB21A68108700A75B9A /* Base */,
			);
			name = LaunchScreen.xib;
			path = CerasusTempor;
			sourceTree = "<group>";
		};
/* End PBXVariantGroup section */

/* Begin XCBuildConfiguration section */
		00E356F61AD99517003FC87E /* Debug */ = {
			isa = XCBuildConfiguration;
			baseConfigurationReference = 2400A9B6DCDC00995CBC6F3D /* Pods-CerasusTempor-CerasusTemporTests.debug.xcconfig */;
			buildSettings = {
				BUNDLE_LOADER = "$(TEST_HOST)";
				GCC_PREPROCESSOR_DEFINITIONS = (
					"DEBUG=1",
					"$(inherited)",
				);
				INFOPLIST_FILE = CerasusTemporTests/Info.plist;
				IPHONEOS_DEPLOYMENT_TARGET = 9.0;
				LD_RUNPATH_SEARCH_PATHS = "$(inherited) @executable_path/Frameworks @loader_path/Frameworks";
				OTHER_LDFLAGS = (
					"-ObjC",
					"-lc++",
					"$(inherited)",
				);
				PRODUCT_BUNDLE_IDENTIFIER = "org.reactjs.native.example.$(PRODUCT_NAME:rfc1034identifier)";
				PRODUCT_NAME = "$(TARGET_NAME)";
				TEST_HOST = "$(BUILT_PRODUCTS_DIR)/CerasusTempor.app/CerasusTempor";
			};
			name = Debug;
		};
		00E356F71AD99517003FC87E /* Release */ = {
			isa = XCBuildConfiguration;
			baseConfigurationReference = 2D677684AF7516CFD5340AED /* Pods-CerasusTempor-CerasusTemporTests.release.xcconfig */;
			buildSettings = {
				BUNDLE_LOADER = "$(TEST_HOST)";
				COPY_PHASE_STRIP = NO;
				INFOPLIST_FILE = CerasusTemporTests/Info.plist;
				IPHONEOS_DEPLOYMENT_TARGET = 9.0;
				LD_RUNPATH_SEARCH_PATHS = "$(inherited) @executable_path/Frameworks @loader_path/Frameworks";
				OTHER_LDFLAGS = (
					"-ObjC",
					"-lc++",
					"$(inherited)",
				);
				PRODUCT_BUNDLE_IDENTIFIER = "org.reactjs.native.example.$(PRODUCT_NAME:rfc1034identifier)";
				PRODUCT_NAME = "$(TARGET_NAME)";
				TEST_HOST = "$(BUILT_PRODUCTS_DIR)/CerasusTempor.app/CerasusTempor";
			};
			name = Release;
		};
		13B07F941A680F5B00A75B9A /* Debug */ = {
			isa = XCBuildConfiguration;
			baseConfigurationReference = FA4E85A19E26F83AA71D88E8 /* Pods-CerasusTempor.debug.xcconfig */;
			buildSettings = {
				ASSETCATALOG_COMPILER_APPICON_NAME = AppIcon;
				CLANG_ENABLE_MODULES = YES;
				CURRENT_PROJECT_VERSION = 1;
				ENABLE_BITCODE = NO;
				GCC_PREPROCESSOR_DEFINITIONS = (
					"$(inherited)",
					"FB_SONARKIT_ENABLED=1",
				);
				INFOPLIST_FILE = CerasusTempor/Info.plist;
				LD_RUNPATH_SEARCH_PATHS = "$(inherited) @executable_path/Frameworks";
				OTHER_LDFLAGS = (
					"$(inherited)",
					"-ObjC",
					"-lc++",
				);
				PRODUCT_BUNDLE_IDENTIFIER = "org.reactjs.native.example.$(PRODUCT_NAME:rfc1034identifier)";
				PRODUCT_NAME = CerasusTempor;
				SWIFT_OPTIMIZATION_LEVEL = "-Onone";
				SWIFT_VERSION = 5.0;
				VERSIONING_SYSTEM = "apple-generic";
			};
			name = Debug;
		};
		13B07F951A680F5B00A75B9A /* Release */ = {
			isa = XCBuildConfiguration;
			baseConfigurationReference = 661A509EA6D9C0E9C92FD37A /* Pods-CerasusTempor.release.xcconfig */;
			buildSettings = {
				ASSETCATALOG_COMPILER_APPICON_NAME = AppIcon;
				CLANG_ENABLE_MODULES = YES;
				CURRENT_PROJECT_VERSION = 1;
				INFOPLIST_FILE = CerasusTempor/Info.plist;
				LD_RUNPATH_SEARCH_PATHS = "$(inherited) @executable_path/Frameworks";
				OTHER_LDFLAGS = (
					"$(inherited)",
					"-ObjC",
					"-lc++",
				);
				PRODUCT_BUNDLE_IDENTIFIER = "org.reactjs.native.example.$(PRODUCT_NAME:rfc1034identifier)";
				PRODUCT_NAME = CerasusTempor;
				SWIFT_VERSION = 5.0;
				VERSIONING_SYSTEM = "apple-generic";
			};
			name = Release;
		};
		2D02E4971E0B4A5E006451C7 /* Debug */ = {
			isa = XCBuildConfiguration;
			baseConfigurationReference = 93187176AB754C4C7F4B7EE0 /* Pods-CerasusTempor-tvOS.debug.xcconfig */;
			buildSettings = {
				ASSETCATALOG_COMPILER_APPICON_NAME = "App Icon & Top Shelf Image";
				ASSETCATALOG_COMPILER_LAUNCHIMAGE_NAME = LaunchImage;
				CLANG_ANALYZER_NONNULL = YES;
				CLANG_WARN_DOCUMENTATION_COMMENTS = YES;
				CLANG_WARN_INFINITE_RECURSION = YES;
				CLANG_WARN_SUSPICIOUS_MOVE = YES;
				DEBUG_INFORMATION_FORMAT = dwarf;
				ENABLE_TESTABILITY = YES;
				GCC_NO_COMMON_BLOCKS = YES;
				INFOPLIST_FILE = "CerasusTempor-tvOS/Info.plist";
				LD_RUNPATH_SEARCH_PATHS = "$(inherited) @executable_path/Frameworks";
				OTHER_LDFLAGS = (
					"$(inherited)",
					"-ObjC",
					"-lc++",
				);
				PRODUCT_BUNDLE_IDENTIFIER = "org.reactjs.native.example.CerasusTempor-tvOS";
				PRODUCT_NAME = "$(TARGET_NAME)";
				SDKROOT = appletvos;
				TARGETED_DEVICE_FAMILY = 3;
				TVOS_DEPLOYMENT_TARGET = 9.2;
			};
			name = Debug;
		};
		2D02E4981E0B4A5E006451C7 /* Release */ = {
			isa = XCBuildConfiguration;
			baseConfigurationReference = 31516471AAF3A3F0D577A9B1 /* Pods-CerasusTempor-tvOS.release.xcconfig */;
			buildSettings = {
				ASSETCATALOG_COMPILER_APPICON_NAME = "App Icon & Top Shelf Image";
				ASSETCATALOG_COMPILER_LAUNCHIMAGE_NAME = LaunchImage;
				CLANG_ANALYZER_NONNULL = YES;
				CLANG_WARN_DOCUMENTATION_COMMENTS = YES;
				CLANG_WARN_INFINITE_RECURSION = YES;
				CLANG_WARN_SUSPICIOUS_MOVE = YES;
				COPY_PHASE_STRIP = NO;
				DEBUG_INFORMATION_FORMAT = "dwarf-with-dsym";
				GCC_NO_COMMON_BLOCKS = YES;
				INFOPLIST_FILE = "CerasusTempor-tvOS/Info.plist";
				LD_RUNPATH_SEARCH_PATHS = "$(inherited) @executable_path/Frameworks";
				OTHER_LDFLAGS = (
					"$(inherited)",
					"-ObjC",
					"-lc++",
				);
				PRODUCT_BUNDLE_IDENTIFIER = "org.reactjs.native.example.CerasusTempor-tvOS";
				PRODUCT_NAME = "$(TARGET_NAME)";
				SDKROOT = appletvos;
				TARGETED_DEVICE_FAMILY = 3;
				TVOS_DEPLOYMENT_TARGET = 9.2;
			};
			name = Release;
		};
		2D02E4991E0B4A5E006451C7 /* Debug */ = {
			isa = XCBuildConfiguration;
			baseConfigurationReference = CBD041AD8935F8F8509A336D /* Pods-CerasusTempor-tvOSTests.debug.xcconfig */;
			buildSettings = {
				BUNDLE_LOADER = "$(TEST_HOST)";
				CLANG_ANALYZER_NONNULL = YES;
				CLANG_WARN_DOCUMENTATION_COMMENTS = YES;
				CLANG_WARN_INFINITE_RECURSION = YES;
				CLANG_WARN_SUSPICIOUS_MOVE = YES;
				DEBUG_INFORMATION_FORMAT = dwarf;
				ENABLE_TESTABILITY = YES;
				GCC_NO_COMMON_BLOCKS = YES;
				INFOPLIST_FILE = "CerasusTempor-tvOSTests/Info.plist";
				LD_RUNPATH_SEARCH_PATHS = "$(inherited) @executable_path/Frameworks @loader_path/Frameworks";
				OTHER_LDFLAGS = (
					"$(inherited)",
					"-ObjC",
					"-lc++",
				);
				PRODUCT_BUNDLE_IDENTIFIER = "org.reactjs.native.example.CerasusTempor-tvOSTests";
				PRODUCT_NAME = "$(TARGET_NAME)";
				SDKROOT = appletvos;
				TEST_HOST = "$(BUILT_PRODUCTS_DIR)/CerasusTempor-tvOS.app/CerasusTempor-tvOS";
				TVOS_DEPLOYMENT_TARGET = 10.1;
			};
			name = Debug;
		};
		2D02E49A1E0B4A5E006451C7 /* Release */ = {
			isa = XCBuildConfiguration;
			baseConfigurationReference = 9216F891C2143009D24615B9 /* Pods-CerasusTempor-tvOSTests.release.xcconfig */;
			buildSettings = {
				BUNDLE_LOADER = "$(TEST_HOST)";
				CLANG_ANALYZER_NONNULL = YES;
				CLANG_WARN_DOCUMENTATION_COMMENTS = YES;
				CLANG_WARN_INFINITE_RECURSION = YES;
				CLANG_WARN_SUSPICIOUS_MOVE = YES;
				COPY_PHASE_STRIP = NO;
				DEBUG_INFORMATION_FORMAT = "dwarf-with-dsym";
				GCC_NO_COMMON_BLOCKS = YES;
				INFOPLIST_FILE = "CerasusTempor-tvOSTests/Info.plist";
				LD_RUNPATH_SEARCH_PATHS = "$(inherited) @executable_path/Frameworks @loader_path/Frameworks";
				OTHER_LDFLAGS = (
					"$(inherited)",
					"-ObjC",
					"-lc++",
				);
				PRODUCT_BUNDLE_IDENTIFIER = "org.reactjs.native.example.CerasusTempor-tvOSTests";
				PRODUCT_NAME = "$(TARGET_NAME)";
				SDKROOT = appletvos;
				TEST_HOST = "$(BUILT_PRODUCTS_DIR)/CerasusTempor-tvOS.app/CerasusTempor-tvOS";
				TVOS_DEPLOYMENT_TARGET = 10.1;
			};
			name = Release;
		};
		83CBBA201A601CBA00E9B192 /* Debug */ = {
			isa = XCBuildConfiguration;
			buildSettings = {
				ALWAYS_SEARCH_USER_PATHS = NO;
				CLANG_ANALYZER_LOCALIZABILITY_NONLOCALIZED = YES;
				CLANG_CXX_LANGUAGE_STANDARD = "gnu++0x";
				CLANG_CXX_LIBRARY = "libc++";
				CLANG_ENABLE_MODULES = YES;
				CLANG_ENABLE_OBJC_ARC = YES;
				CLANG_WARN_BLOCK_CAPTURE_AUTORELEASING = YES;
				CLANG_WARN_BOOL_CONVERSION = YES;
				CLANG_WARN_COMMA = YES;
				CLANG_WARN_CONSTANT_CONVERSION = YES;
				CLANG_WARN_DEPRECATED_OBJC_IMPLEMENTATIONS = YES;
				CLANG_WARN_DIRECT_OBJC_ISA_USAGE = YES_ERROR;
				CLANG_WARN_EMPTY_BODY = YES;
				CLANG_WARN_ENUM_CONVERSION = YES;
				CLANG_WARN_INFINITE_RECURSION = YES;
				CLANG_WARN_INT_CONVERSION = YES;
				CLANG_WARN_NON_LITERAL_NULL_CONVERSION = YES;
				CLANG_WARN_OBJC_IMPLICIT_RETAIN_SELF = YES;
				CLANG_WARN_OBJC_LITERAL_CONVERSION = YES;
				CLANG_WARN_OBJC_ROOT_CLASS = YES_ERROR;
				CLANG_WARN_RANGE_LOOP_ANALYSIS = YES;
				CLANG_WARN_STRICT_PROTOTYPES = YES;
				CLANG_WARN_SUSPICIOUS_MOVE = YES;
				CLANG_WARN_UNREACHABLE_CODE = YES;
				CLANG_WARN__DUPLICATE_METHOD_MATCH = YES;
				"CODE_SIGN_IDENTITY[sdk=iphoneos*]" = "iPhone Developer";
				COPY_PHASE_STRIP = NO;
				ENABLE_STRICT_OBJC_MSGSEND = YES;
				ENABLE_TESTABILITY = YES;
				GCC_C_LANGUAGE_STANDARD = gnu99;
				GCC_DYNAMIC_NO_PIC = NO;
				GCC_NO_COMMON_BLOCKS = YES;
				GCC_OPTIMIZATION_LEVEL = 0;
				GCC_PREPROCESSOR_DEFINITIONS = (
					"DEBUG=1",
					"$(inherited)",
				);
				GCC_SYMBOLS_PRIVATE_EXTERN = NO;
				GCC_WARN_64_TO_32_BIT_CONVERSION = YES;
				GCC_WARN_ABOUT_RETURN_TYPE = YES_ERROR;
				GCC_WARN_UNDECLARED_SELECTOR = YES;
				GCC_WARN_UNINITIALIZED_AUTOS = YES_AGGRESSIVE;
				GCC_WARN_UNUSED_FUNCTION = YES;
				GCC_WARN_UNUSED_VARIABLE = YES;
				IPHONEOS_DEPLOYMENT_TARGET = 9.0;
				LD_RUNPATH_SEARCH_PATHS = "/usr/lib/swift $(inherited)";
				LIBRARY_SEARCH_PATHS = (
					"\"$(TOOLCHAIN_DIR)/usr/lib/swift/$(PLATFORM_NAME)\"",
					"\"$(TOOLCHAIN_DIR)/usr/lib/swift-5.0/$(PLATFORM_NAME)\"",
					"\"$(inherited)\"",
				);
				MTL_ENABLE_DEBUG_INFO = YES;
				ONLY_ACTIVE_ARCH = YES;
				SDKROOT = iphoneos;
			};
			name = Debug;
		};
		83CBBA211A601CBA00E9B192 /* Release */ = {
			isa = XCBuildConfiguration;
			buildSettings = {
				ALWAYS_SEARCH_USER_PATHS = NO;
				CLANG_ANALYZER_LOCALIZABILITY_NONLOCALIZED = YES;
				CLANG_CXX_LANGUAGE_STANDARD = "gnu++0x";
				CLANG_CXX_LIBRARY = "libc++";
				CLANG_ENABLE_MODULES = YES;
				CLANG_ENABLE_OBJC_ARC = YES;
				CLANG_WARN_BLOCK_CAPTURE_AUTORELEASING = YES;
				CLANG_WARN_BOOL_CONVERSION = YES;
				CLANG_WARN_COMMA = YES;
				CLANG_WARN_CONSTANT_CONVERSION = YES;
				CLANG_WARN_DEPRECATED_OBJC_IMPLEMENTATIONS = YES;
				CLANG_WARN_DIRECT_OBJC_ISA_USAGE = YES_ERROR;
				CLANG_WARN_EMPTY_BODY = YES;
				CLANG_WARN_ENUM_CONVERSION = YES;
				CLANG_WARN_INFINITE_RECURSION = YES;
				CLANG_WARN_INT_CONVERSION = YES;
				CLANG_WARN_NON_LITERAL_NULL_CONVERSION = YES;
				CLANG_WARN_OBJC_IMPLICIT_RETAIN_SELF = YES;
				CLANG_WARN_OBJC_LITERAL_CONVERSION = YES;
				CLANG_WARN_OBJC_ROOT_CLASS = YES_ERROR;
				CLANG_WARN_RANGE_LOOP_ANALYSIS = YES;
				CLANG_WARN_STRICT_PROTOTYPES = YES;
				CLANG_WARN_SUSPICIOUS_MOVE = YES;
				CLANG_WARN_UNREACHABLE_CODE = YES;
				CLANG_WARN__DUPLICATE_METHOD_MATCH = YES;
				"CODE_SIGN_IDENTITY[sdk=iphoneos*]" = "iPhone Developer";
				COPY_PHASE_STRIP = YES;
				ENABLE_NS_ASSERTIONS = NO;
				ENABLE_STRICT_OBJC_MSGSEND = YES;
				GCC_C_LANGUAGE_STANDARD = gnu99;
				GCC_NO_COMMON_BLOCKS = YES;
				GCC_WARN_64_TO_32_BIT_CONVERSION = YES;
				GCC_WARN_ABOUT_RETURN_TYPE = YES_ERROR;
				GCC_WARN_UNDECLARED_SELECTOR = YES;
				GCC_WARN_UNINITIALIZED_AUTOS = YES_AGGRESSIVE;
				GCC_WARN_UNUSED_FUNCTION = YES;
				GCC_WARN_UNUSED_VARIABLE = YES;
				IPHONEOS_DEPLOYMENT_TARGET = 9.0;
				LD_RUNPATH_SEARCH_PATHS = "/usr/lib/swift $(inherited)";
				LIBRARY_SEARCH_PATHS = (
					"\"$(TOOLCHAIN_DIR)/usr/lib/swift/$(PLATFORM_NAME)\"",
					"\"$(TOOLCHAIN_DIR)/usr/lib/swift-5.0/$(PLATFORM_NAME)\"",
					"\"$(inherited)\"",
				);
				MTL_ENABLE_DEBUG_INFO = NO;
				SDKROOT = iphoneos;
				VALIDATE_PRODUCT = YES;
			};
			name = Release;
		};
/* End XCBuildConfiguration section */

/* Begin XCConfigurationList section */
		00E357021AD99517003FC87E /* Build configuration list for PBXNativeTarget "CerasusTemporTests" */ = {
			isa = XCConfigurationList;
			buildConfigurations = (
				00E356F61AD99517003FC87E /* Debug */,
				00E356F71AD99517003FC87E /* Release */,
			);
			defaultConfigurationIsVisible = 0;
			defaultConfigurationName = Release;
		};
		13B07F931A680F5B00A75B9A /* Build configuration list for PBXNativeTarget "CerasusTempor" */ = {
			isa = XCConfigurationList;
			buildConfigurations = (
				13B07F941A680F5B00A75B9A /* Debug */,
				13B07F951A680F5B00A75B9A /* Release */,
			);
			defaultConfigurationIsVisible = 0;
			defaultConfigurationName = Release;
		};
		2D02E4BA1E0B4A5E006451C7 /* Build configuration list for PBXNativeTarget "CerasusTempor-tvOS" */ = {
			isa = XCConfigurationList;
			buildConfigurations = (
				2D02E4971E0B4A5E006451C7 /* Debug */,
				2D02E4981E0B4A5E006451C7 /* Release */,
			);
			defaultConfigurationIsVisible = 0;
			defaultConfigurationName = Release;
		};
		2D02E4BB1E0B4A5E006451C7 /* Build configuration list for PBXNativeTarget "CerasusTempor-tvOSTests" */ = {
			isa = XCConfigurationList;
			buildConfigurations = (
				2D02E4991E0B4A5E006451C7 /* Debug */,
				2D02E49A1E0B4A5E006451C7 /* Release */,
			);
			defaultConfigurationIsVisible = 0;
			defaultConfigurationName = Release;
		};
		83CBB9FA1A601CBA00E9B192 /* Build configuration list for PBXProject "CerasusTempor" */ = {
			isa = XCConfigurationList;
			buildConfigurations = (
				83CBBA201A601CBA00E9B192 /* Debug */,
				83CBBA211A601CBA00E9B192 /* Release */,
			);
			defaultConfigurationIsVisible = 0;
			defaultConfigurationName = Release;
		};
/* End XCConfigurationList section */
	};
	rootObject = 83CBB9F71A601CBA00E9B192 /* Project object */;
}
